
Microsoft Visual Studio Solution File, Format Version 11.00
# Visual Studio 2010
Project("{8BC9CEB8-8B4A-11D0-8D11-00A0C91BC942}") = "Marlin", "Marlin.vcxproj", "{A6365572-B176-4C2F-9B18-A75B62059578}"
EndProject
Global
	GlobalSection(SolutionConfigurationPlatforms) = preSolution
		Debug|Win32 = Debug|Win32
		Release|Win32 = Release|Win32
	EndGlobalSection
	GlobalSection(ProjectConfigurationPlatforms) = postSolution
		{A6365572-B176-4C2F-9B18-A75B62059578}.Debug|Win32.ActiveCfg = Debug|Win32
		{A6365572-B176-4C2F-9B18-A75B62059578}.Debug|Win32.Build.0 = Debug|Win32
		{A6365572-B176-4C2F-9B18-A75B62059578}.Release|Win32.ActiveCfg = Release|Win32
		{A6365572-B176-4C2F-9B18-A75B62059578}.Release|Win32.Build.0 = Release|Win32
	EndGlobalSection
	GlobalSection(SolutionProperties) = preSolution
		HideSolutionNode = FALSE
	EndGlobalSection
EndGlobal
