<?xml version="1.0" encoding="utf-8"?>
<Project ToolsVersion="4.0" xmlns="http://schemas.microsoft.com/developer/msbuild/2003">
  <ItemGroup>
    <Filter Include="Source Files">
      <UniqueIdentifier>{4FC737F1-C7A5-4376-A066-2A32D752A2FF}</UniqueIdentifier>
      <Extensions>cpp;c;cc;cxx;def;odl;idl;hpj;bat;asm;asmx</Extensions>
    </Filter>
    <Filter Include="Header Files">
      <UniqueIdentifier>{93995380-89BD-4b04-88EB-625FBE52EBFB}</UniqueIdentifier>
      <Extensions>h;hpp;hxx;hm;inl;inc;xsd</Extensions>
    </Filter>
    <Filter Include="Resource Files">
      <UniqueIdentifier>{67DA6AB6-F800-4c08-8B7A-83BB121AAD01}</UniqueIdentifier>
      <Extensions>rc;ico;cur;bmp;dlg;rc2;rct;bin;rgs;gif;jpg;jpeg;jpe;resx;tiff;tif;png;wav;mfcribbon-ms</Extensions>
    </Filter>
  </ItemGroup>
  <ItemGroup>
    <None Include="Marlin.pde" />
    <None Include="cardreader.pde" />
    <None Include="ultralcd.pde" />
    <None Include="watchdog.pde" />
  </ItemGroup>
  <ItemGroup>
    <ClInclude Include=".Marlin.vsarduino.h">
      <Filter>Header Files</Filter>
    </ClInclude>
    <ClInclude Include="cardreader.h">
      <Filter>Header Files</Filter>
    </ClInclude>
    <ClInclude Include="Configuration.h">
      <Filter>Header Files</Filter>
    </ClInclude>
    <ClInclude Include="Configuration_adv.h">
      <Filter>Header Files</Filter>
    </ClInclude>
    <ClInclude Include="EEPROMwrite.h">
      <Filter>Header Files</Filter>
    </ClInclude>
    <ClInclude Include="fastio.h">
      <Filter>Header Files</Filter>
    </ClInclude>
    <ClInclude Include="Marlin.h">
      <Filter>Header Files</Filter>
    </ClInclude>
    <ClInclude Include="MarlinSerial.h">
      <Filter>Header Files</Filter>
    </ClInclude>
    <ClInclude Include="motion_control.h">
      <Filter>Header Files</Filter>
    </ClInclude>
    <ClInclude Include="pins.h">
      <Filter>Header Files</Filter>
    </ClInclude>
    <ClInclude Include="planner.h">
      <Filter>Header Files</Filter>
    </ClInclude>
    <ClInclude Include="Sd2Card.h">
      <Filter>Header Files</Filter>
    </ClInclude>
    <ClInclude Include="Sd2PinMap.h">
      <Filter>Header Files</Filter>
    </ClInclude>
    <ClInclude Include="SdBaseFile.h">
      <Filter>Header Files</Filter>
    </ClInclude>
    <ClInclude Include="SdFatConfig.h">
      <Filter>Header Files</Filter>
    </ClInclude>
    <ClInclude Include="SdFatStructs.h">
      <Filter>Header Files</Filter>
    </ClInclude>
    <ClInclude Include="SdFatUtil.h">
      <Filter>Header Files</Filter>
    </ClInclude>
    <ClInclude Include="SdFile.h">
      <Filter>Header Files</Filter>
    </ClInclude>
    <ClInclude Include="SdInfo.h">
      <Filter>Header Files</Filter>
    </ClInclude>
    <ClInclude Include="SdVolume.h">
      <Filter>Header Files</Filter>
    </ClInclude>
    <ClInclude Include="speed_lookuptable.h">
      <Filter>Header Files</Filter>
    </ClInclude>
    <ClInclude Include="stepper.h">
      <Filter>Header Files</Filter>
    </ClInclude>
    <ClInclude Include="temperature.h">
      <Filter>Header Files</Filter>
    </ClInclude>
    <ClInclude Include="thermistortables.h">
      <Filter>Header Files</Filter>
    </ClInclude>
    <ClInclude Include="ultralcd.h">
      <Filter>Header Files</Filter>
    </ClInclude>
    <ClInclude Include="watchdog.h">
      <Filter>Header Files</Filter>
    </ClInclude>
    <ClInclude Include="wiring.h">
      <Filter>Header Files</Filter>
    </ClInclude>
    <ClInclude Include="language.h">
      <Filter>Header Files</Filter>
    </ClInclude>
  </ItemGroup>
  <ItemGroup>
    <ClCompile Include="MarlinSerial.cpp">
      <Filter>Source Files</Filter>
    </ClCompile>
    <ClCompile Include="motion_control.cpp">
      <Filter>Source Files</Filter>
    </ClCompile>
    <ClCompile Include="planner.cpp">
      <Filter>Source Files</Filter>
    </ClCompile>
    <ClCompile Include="Sd2Card.cpp">
      <Filter>Source Files</Filter>
    </ClCompile>
    <ClCompile Include="SdBaseFile.cpp">
      <Filter>Source Files</Filter>
    </ClCompile>
    <ClCompile Include="SdFatUtil.cpp">
      <Filter>Source Files</Filter>
    </ClCompile>
    <ClCompile Include="SdFile.cpp">
      <Filter>Source Files</Filter>
    </ClCompile>
    <ClCompile Include="SdVolume.cpp">
      <Filter>Source Files</Filter>
    </ClCompile>
    <ClCompile Include="stepper.cpp">
      <Filter>Source Files</Filter>
    </ClCompile>
    <ClCompile Include="temperature.cpp">
      <Filter>Source Files</Filter>
    </ClCompile>
  </ItemGroup>
</Project>